// !$*UTF8*$!
{
	archiveVersion = 1;
	classes = {
	};
	objectVersion = 46;
	objects = {

/* Begin PBXBuildFile section */
		62816C1B1BC9ECE200946F50 /* UIStoryboard.swift in Sources */ = {isa = PBXBuildFile; fileRef = 6288987C1BC98CBD00D9A0E9 /* UIStoryboard.swift */; settings = {ASSET_TAGS = (); }; };
		62816C1D1BC9EDB600946F50 /* ChooseYoutubeViewController.swift in Sources */ = {isa = PBXBuildFile; fileRef = 62816C1C1BC9EDB600946F50 /* ChooseYoutubeViewController.swift */; settings = {ASSET_TAGS = (); }; };
		62816C201BC9F13900946F50 /* Pusher.swift in Sources */ = {isa = PBXBuildFile; fileRef = 62816C1F1BC9F13900946F50 /* Pusher.swift */; settings = {ASSET_TAGS = (); }; };
		62816C251BC9F25E00946F50 /* FakePusher.swift in Sources */ = {isa = PBXBuildFile; fileRef = 62816C241BC9F25E00946F50 /* FakePusher.swift */; settings = {ASSET_TAGS = (); }; };
		62816C281BC9F85500946F50 /* XCTestCase.swift in Sources */ = {isa = PBXBuildFile; fileRef = 62816C271BC9F85500946F50 /* XCTestCase.swift */; settings = {ASSET_TAGS = (); }; };
		62816C2A1BC9F92700946F50 /* Config.swift in Sources */ = {isa = PBXBuildFile; fileRef = 62816C291BC9F92700946F50 /* Config.swift */; settings = {ASSET_TAGS = (); }; };
		6288984D1BC8E9F300D9A0E9 /* AppDelegate.swift in Sources */ = {isa = PBXBuildFile; fileRef = 6288984C1BC8E9F300D9A0E9 /* AppDelegate.swift */; };
		6288984F1BC8E9F300D9A0E9 /* ViewController.swift in Sources */ = {isa = PBXBuildFile; fileRef = 6288984E1BC8E9F300D9A0E9 /* ViewController.swift */; };
		628898521BC8E9F300D9A0E9 /* Main.storyboard in Resources */ = {isa = PBXBuildFile; fileRef = 628898501BC8E9F300D9A0E9 /* Main.storyboard */; };
		628898541BC8E9F300D9A0E9 /* Assets.xcassets in Resources */ = {isa = PBXBuildFile; fileRef = 628898531BC8E9F300D9A0E9 /* Assets.xcassets */; };
		628898571BC8E9F300D9A0E9 /* LaunchScreen.storyboard in Resources */ = {isa = PBXBuildFile; fileRef = 628898551BC8E9F300D9A0E9 /* LaunchScreen.storyboard */; };
		628898701BC8F53400D9A0E9 /* SuspectTest.swift in Sources */ = {isa = PBXBuildFile; fileRef = 6288986F1BC8F53400D9A0E9 /* SuspectTest.swift */; settings = {ASSET_TAGS = (); }; };
		628898721BC8F64700D9A0E9 /* Suspect.swift in Sources */ = {isa = PBXBuildFile; fileRef = 628898711BC8F64700D9A0E9 /* Suspect.swift */; settings = {ASSET_TAGS = (); }; };
		628898761BC8F8F600D9A0E9 /* ChooseSuspectControllerTest.swift in Sources */ = {isa = PBXBuildFile; fileRef = 628898751BC8F8F600D9A0E9 /* ChooseSuspectControllerTest.swift */; settings = {ASSET_TAGS = (); }; };
		6288987A1BC98C7900D9A0E9 /* ChooseSuspectViewController.swift in Sources */ = {isa = PBXBuildFile; fileRef = 628898791BC98C7900D9A0E9 /* ChooseSuspectViewController.swift */; settings = {ASSET_TAGS = (); }; };
		628898801BC98FB500D9A0E9 /* ChooseSuspect.storyboard in Resources */ = {isa = PBXBuildFile; fileRef = 6288987F1BC98FB500D9A0E9 /* ChooseSuspect.storyboard */; settings = {ASSET_TAGS = (); }; };
/* End PBXBuildFile section */

/* Begin PBXContainerItemProxy section */
		6288985E1BC8E9F300D9A0E9 /* PBXContainerItemProxy */ = {
			isa = PBXContainerItemProxy;
			containerPortal = 628898411BC8E9F200D9A0E9 /* Project object */;
			proxyType = 1;
			remoteGlobalIDString = 628898481BC8E9F200D9A0E9;
			remoteInfo = ScoutReport;
		};
/* End PBXContainerItemProxy section */

/* Begin PBXFileReference section */
		62816C1C1BC9EDB600946F50 /* ChooseYoutubeViewController.swift */ = {isa = PBXFileReference; fileEncoding = 4; lastKnownFileType = sourcecode.swift; path = ChooseYoutubeViewController.swift; sourceTree = "<group>"; };
		62816C1F1BC9F13900946F50 /* Pusher.swift */ = {isa = PBXFileReference; fileEncoding = 4; lastKnownFileType = sourcecode.swift; path = Pusher.swift; sourceTree = "<group>"; };
		62816C241BC9F25E00946F50 /* FakePusher.swift */ = {isa = PBXFileReference; fileEncoding = 4; lastKnownFileType = sourcecode.swift; path = FakePusher.swift; sourceTree = "<group>"; };
		62816C271BC9F85500946F50 /* XCTestCase.swift */ = {isa = PBXFileReference; fileEncoding = 4; lastKnownFileType = sourcecode.swift; path = XCTestCase.swift; sourceTree = "<group>"; };
		62816C291BC9F92700946F50 /* Config.swift */ = {isa = PBXFileReference; fileEncoding = 4; lastKnownFileType = sourcecode.swift; path = Config.swift; sourceTree = "<group>"; };
		628898491BC8E9F300D9A0E9 /* ScoutReport.app */ = {isa = PBXFileReference; explicitFileType = wrapper.application; includeInIndex = 0; path = ScoutReport.app; sourceTree = BUILT_PRODUCTS_DIR; };
		6288984C1BC8E9F300D9A0E9 /* AppDelegate.swift */ = {isa = PBXFileReference; lastKnownFileType = sourcecode.swift; path = AppDelegate.swift; sourceTree = "<group>"; };
		6288984E1BC8E9F300D9A0E9 /* ViewController.swift */ = {isa = PBXFileReference; lastKnownFileType = sourcecode.swift; path = ViewController.swift; sourceTree = "<group>"; };
		628898511BC8E9F300D9A0E9 /* Base */ = {isa = PBXFileReference; lastKnownFileType = file.storyboard; name = Base; path = Base.lproj/Main.storyboard; sourceTree = "<group>"; };
		628898531BC8E9F300D9A0E9 /* Assets.xcassets */ = {isa = PBXFileReference; lastKnownFileType = folder.assetcatalog; path = Assets.xcassets; sourceTree = "<group>"; };
		628898561BC8E9F300D9A0E9 /* Base */ = {isa = PBXFileReference; lastKnownFileType = file.storyboard; name = Base; path = Base.lproj/LaunchScreen.storyboard; sourceTree = "<group>"; };
		628898581BC8E9F300D9A0E9 /* Info.plist */ = {isa = PBXFileReference; lastKnownFileType = text.plist.xml; path = Info.plist; sourceTree = "<group>"; };
		6288985D1BC8E9F300D9A0E9 /* ScoutReportTests.xctest */ = {isa = PBXFileReference; explicitFileType = wrapper.cfbundle; includeInIndex = 0; path = ScoutReportTests.xctest; sourceTree = BUILT_PRODUCTS_DIR; };
		628898631BC8E9F300D9A0E9 /* Info.plist */ = {isa = PBXFileReference; lastKnownFileType = text.plist.xml; path = Info.plist; sourceTree = "<group>"; };
		6288986C1BC8F50D00D9A0E9 /* ScoutReportTests-Bridging-Header.h */ = {isa = PBXFileReference; lastKnownFileType = sourcecode.c.h; path = "ScoutReportTests-Bridging-Header.h"; sourceTree = "<group>"; };
		6288986F1BC8F53400D9A0E9 /* SuspectTest.swift */ = {isa = PBXFileReference; fileEncoding = 4; lastKnownFileType = sourcecode.swift; path = SuspectTest.swift; sourceTree = "<group>"; };
		628898711BC8F64700D9A0E9 /* Suspect.swift */ = {isa = PBXFileReference; fileEncoding = 4; lastKnownFileType = sourcecode.swift; path = Suspect.swift; sourceTree = "<group>"; };
		628898751BC8F8F600D9A0E9 /* ChooseSuspectControllerTest.swift */ = {isa = PBXFileReference; fileEncoding = 4; lastKnownFileType = sourcecode.swift; path = ChooseSuspectControllerTest.swift; sourceTree = "<group>"; };
		628898791BC98C7900D9A0E9 /* ChooseSuspectViewController.swift */ = {isa = PBXFileReference; fileEncoding = 4; lastKnownFileType = sourcecode.swift; path = ChooseSuspectViewController.swift; sourceTree = "<group>"; };
		6288987C1BC98CBD00D9A0E9 /* UIStoryboard.swift */ = {isa = PBXFileReference; fileEncoding = 4; lastKnownFileType = sourcecode.swift; path = UIStoryboard.swift; sourceTree = "<group>"; };
		6288987F1BC98FB500D9A0E9 /* ChooseSuspect.storyboard */ = {isa = PBXFileReference; fileEncoding = 4; lastKnownFileType = file.storyboard; path = ChooseSuspect.storyboard; sourceTree = "<group>"; };
/* End PBXFileReference section */

/* Begin PBXFrameworksBuildPhase section */
		628898461BC8E9F200D9A0E9 /* Frameworks */ = {
			isa = PBXFrameworksBuildPhase;
			buildActionMask = 2147483647;
			files = (
			);
			runOnlyForDeploymentPostprocessing = 0;
		};
		6288985A1BC8E9F300D9A0E9 /* Frameworks */ = {
			isa = PBXFrameworksBuildPhase;
			buildActionMask = 2147483647;
			files = (
			);
			runOnlyForDeploymentPostprocessing = 0;
		};
/* End PBXFrameworksBuildPhase section */

/* Begin PBXGroup section */
		62816C1E1BC9F11E00946F50 /* Helpers */ = {
			isa = PBXGroup;
			children = (
				62816C291BC9F92700946F50 /* Config.swift */,
				62816C1F1BC9F13900946F50 /* Pusher.swift */,
			);
			name = Helpers;
			sourceTree = "<group>";
		};
		62816C211BC9F1B900946F50 /* Helpers */ = {
			isa = PBXGroup;
			children = (
				62816C241BC9F25E00946F50 /* FakePusher.swift */,
			);
			name = Helpers;
			sourceTree = "<group>";
		};
		62816C261BC9F84A00946F50 /* Extensions */ = {
			isa = PBXGroup;
			children = (
				62816C271BC9F85500946F50 /* XCTestCase.swift */,
			);
			name = Extensions;
			sourceTree = "<group>";
		};
		628898401BC8E9F200D9A0E9 = {
			isa = PBXGroup;
			children = (
				6288984B1BC8E9F300D9A0E9 /* ScoutReport */,
				628898601BC8E9F300D9A0E9 /* ScoutReportTests */,
			);
			sourceTree = "<group>";
		};
		6288984A1BC8E9F300D9A0E9 /* Products */ = {
			isa = PBXGroup;
			children = (
				628898491BC8E9F300D9A0E9 /* ScoutReport.app */,
				6288985D1BC8E9F300D9A0E9 /* ScoutReportTests.xctest */,
			);
			name = Products;
			path = ..;
			sourceTree = "<group>";
		};
		6288984B1BC8E9F300D9A0E9 /* ScoutReport */ = {
			isa = PBXGroup;
			children = (
				6288987B1BC98CA500D9A0E9 /* Extensions */,
				62816C1E1BC9F11E00946F50 /* Helpers */,
				628898731BC8F77C00D9A0E9 /* Models */,
				6288987E1BC98F8800D9A0E9 /* Storyboards */,
				628898771BC98C1D00D9A0E9 /* ViewControllers */,
				6288984C1BC8E9F300D9A0E9 /* AppDelegate.swift */,
				6288984E1BC8E9F300D9A0E9 /* ViewController.swift */,
				628898501BC8E9F300D9A0E9 /* Main.storyboard */,
				628898531BC8E9F300D9A0E9 /* Assets.xcassets */,
				628898551BC8E9F300D9A0E9 /* LaunchScreen.storyboard */,
				628898581BC8E9F300D9A0E9 /* Info.plist */,
			);
			path = ScoutReport;
			sourceTree = "<group>";
		};
		628898601BC8E9F300D9A0E9 /* ScoutReportTests */ = {
			isa = PBXGroup;
			children = (
				62816C261BC9F84A00946F50 /* Extensions */,
				62816C211BC9F1B900946F50 /* Helpers */,
				628898781BC98C3900D9A0E9 /* ViewControllers */,
				628898741BC8F78E00D9A0E9 /* Models */,
				628898631BC8E9F300D9A0E9 /* Info.plist */,
				6288986C1BC8F50D00D9A0E9 /* ScoutReportTests-Bridging-Header.h */,
				6288984A1BC8E9F300D9A0E9 /* Products */,
			);
			path = ScoutReportTests;
			sourceTree = "<group>";
		};
		628898731BC8F77C00D9A0E9 /* Models */ = {
			isa = PBXGroup;
			children = (
				628898711BC8F64700D9A0E9 /* Suspect.swift */,
			);
			name = Models;
			sourceTree = "<group>";
		};
		628898741BC8F78E00D9A0E9 /* Models */ = {
			isa = PBXGroup;
			children = (
				6288986F1BC8F53400D9A0E9 /* SuspectTest.swift */,
			);
			name = Models;
			sourceTree = "<group>";
		};
		628898771BC98C1D00D9A0E9 /* ViewControllers */ = {
			isa = PBXGroup;
			children = (
				628898791BC98C7900D9A0E9 /* ChooseSuspectViewController.swift */,
				62816C1C1BC9EDB600946F50 /* ChooseYoutubeViewController.swift */,
			);
			name = ViewControllers;
			sourceTree = "<group>";
		};
		628898781BC98C3900D9A0E9 /* ViewControllers */ = {
			isa = PBXGroup;
			children = (
				628898751BC8F8F600D9A0E9 /* ChooseSuspectControllerTest.swift */,
			);
			name = ViewControllers;
			sourceTree = "<group>";
		};
		6288987B1BC98CA500D9A0E9 /* Extensions */ = {
			isa = PBXGroup;
			children = (
				6288987C1BC98CBD00D9A0E9 /* UIStoryboard.swift */,
			);
			name = Extensions;
			path = ScoutReportTests;
			sourceTree = SOURCE_ROOT;
		};
		6288987E1BC98F8800D9A0E9 /* Storyboards */ = {
			isa = PBXGroup;
			children = (
				6288987F1BC98FB500D9A0E9 /* ChooseSuspect.storyboard */,
			);
			name = Storyboards;
			sourceTree = "<group>";
		};
/* End PBXGroup section */

/* Begin PBXNativeTarget section */
		628898481BC8E9F200D9A0E9 /* ScoutReport */ = {
			isa = PBXNativeTarget;
			buildConfigurationList = 628898661BC8E9F300D9A0E9 /* Build configuration list for PBXNativeTarget "ScoutReport" */;
			buildPhases = (
				628898451BC8E9F200D9A0E9 /* Sources */,
				628898461BC8E9F200D9A0E9 /* Frameworks */,
				628898471BC8E9F200D9A0E9 /* Resources */,
			);
			buildRules = (
			);
			dependencies = (
			);
			name = ScoutReport;
			productName = ScoutReport;
			productReference = 628898491BC8E9F300D9A0E9 /* ScoutReport.app */;
			productType = "com.apple.product-type.application";
		};
		6288985C1BC8E9F300D9A0E9 /* ScoutReportTests */ = {
			isa = PBXNativeTarget;
			buildConfigurationList = 628898691BC8E9F300D9A0E9 /* Build configuration list for PBXNativeTarget "ScoutReportTests" */;
			buildPhases = (
				628898591BC8E9F300D9A0E9 /* Sources */,
				6288985A1BC8E9F300D9A0E9 /* Frameworks */,
				6288985B1BC8E9F300D9A0E9 /* Resources */,
			);
			buildRules = (
			);
			dependencies = (
				6288985F1BC8E9F300D9A0E9 /* PBXTargetDependency */,
			);
			name = ScoutReportTests;
			productName = ScoutReportTests;
			productReference = 6288985D1BC8E9F300D9A0E9 /* ScoutReportTests.xctest */;
			productType = "com.apple.product-type.bundle.unit-test";
		};
/* End PBXNativeTarget section */

/* Begin PBXProject section */
		628898411BC8E9F200D9A0E9 /* Project object */ = {
			isa = PBXProject;
			attributes = {
				LastSwiftUpdateCheck = 0700;
				LastUpgradeCheck = 0700;
				ORGANIZATIONNAME = "Right Balance";
				TargetAttributes = {
					628898481BC8E9F200D9A0E9 = {
						CreatedOnToolsVersion = 7.0.1;
					};
					6288985C1BC8E9F300D9A0E9 = {
						CreatedOnToolsVersion = 7.0.1;
						TestTargetID = 628898481BC8E9F200D9A0E9;
					};
				};
			};
			buildConfigurationList = 628898441BC8E9F200D9A0E9 /* Build configuration list for PBXProject "ScoutReport" */;
			compatibilityVersion = "Xcode 3.2";
			developmentRegion = English;
			hasScannedForEncodings = 0;
			knownRegions = (
				en,
				Base,
			);
			mainGroup = 628898401BC8E9F200D9A0E9;
			productRefGroup = 6288984A1BC8E9F300D9A0E9 /* Products */;
			projectDirPath = "";
			projectRoot = "";
			targets = (
				628898481BC8E9F200D9A0E9 /* ScoutReport */,
				6288985C1BC8E9F300D9A0E9 /* ScoutReportTests */,
			);
		};
/* End PBXProject section */

/* Begin PBXResourcesBuildPhase section */
		628898471BC8E9F200D9A0E9 /* Resources */ = {
			isa = PBXResourcesBuildPhase;
			buildActionMask = 2147483647;
			files = (
				628898571BC8E9F300D9A0E9 /* LaunchScreen.storyboard in Resources */,
				628898541BC8E9F300D9A0E9 /* Assets.xcassets in Resources */,
				628898521BC8E9F300D9A0E9 /* Main.storyboard in Resources */,
				628898801BC98FB500D9A0E9 /* ChooseSuspect.storyboard in Resources */,
			);
			runOnlyForDeploymentPostprocessing = 0;
		};
		6288985B1BC8E9F300D9A0E9 /* Resources */ = {
			isa = PBXResourcesBuildPhase;
			buildActionMask = 2147483647;
			files = (
			);
			runOnlyForDeploymentPostprocessing = 0;
		};
/* End PBXResourcesBuildPhase section */

/* Begin PBXSourcesBuildPhase section */
		628898451BC8E9F200D9A0E9 /* Sources */ = {
			isa = PBXSourcesBuildPhase;
			buildActionMask = 2147483647;
			files = (
				6288984F1BC8E9F300D9A0E9 /* ViewController.swift in Sources */,
				62816C1B1BC9ECE200946F50 /* UIStoryboard.swift in Sources */,
				6288987A1BC98C7900D9A0E9 /* ChooseSuspectViewController.swift in Sources */,
				628898721BC8F64700D9A0E9 /* Suspect.swift in Sources */,
				6288984D1BC8E9F300D9A0E9 /* AppDelegate.swift in Sources */,
				62816C2A1BC9F92700946F50 /* Config.swift in Sources */,
				62816C1D1BC9EDB600946F50 /* ChooseYoutubeViewController.swift in Sources */,
				62816C201BC9F13900946F50 /* Pusher.swift in Sources */,
			);
			runOnlyForDeploymentPostprocessing = 0;
		};
		628898591BC8E9F300D9A0E9 /* Sources */ = {
			isa = PBXSourcesBuildPhase;
			buildActionMask = 2147483647;
			files = (
				628898761BC8F8F600D9A0E9 /* ChooseSuspectControllerTest.swift in Sources */,
				628898701BC8F53400D9A0E9 /* SuspectTest.swift in Sources */,
				62816C281BC9F85500946F50 /* XCTestCase.swift in Sources */,
				62816C251BC9F25E00946F50 /* FakePusher.swift in Sources */,
			);
			runOnlyForDeploymentPostprocessing = 0;
		};
/* End PBXSourcesBuildPhase section */

/* Begin PBXTargetDependency section */
		6288985F1BC8E9F300D9A0E9 /* PBXTargetDependency */ = {
			isa = PBXTargetDependency;
			target = 628898481BC8E9F200D9A0E9 /* ScoutReport */;
			targetProxy = 6288985E1BC8E9F300D9A0E9 /* PBXContainerItemProxy */;
		};
/* End PBXTargetDependency section */

/* Begin PBXVariantGroup section */
		628898501BC8E9F300D9A0E9 /* Main.storyboard */ = {
			isa = PBXVariantGroup;
			children = (
				628898511BC8E9F300D9A0E9 /* Base */,
			);
			name = Main.storyboard;
			sourceTree = "<group>";
		};
		628898551BC8E9F300D9A0E9 /* LaunchScreen.storyboard */ = {
			isa = PBXVariantGroup;
			children = (
				628898561BC8E9F300D9A0E9 /* Base */,
			);
			name = LaunchScreen.storyboard;
			sourceTree = "<group>";
		};
/* End PBXVariantGroup section */

/* Begin XCBuildConfiguration section */
		628898641BC8E9F300D9A0E9 /* Debug */ = {
			isa = XCBuildConfiguration;
			buildSettings = {
				ALWAYS_SEARCH_USER_PATHS = NO;
				CLANG_CXX_LANGUAGE_STANDARD = "gnu++0x";
				CLANG_CXX_LIBRARY = "libc++";
				CLANG_ENABLE_MODULES = YES;
				CLANG_ENABLE_OBJC_ARC = YES;
				CLANG_WARN_BOOL_CONVERSION = YES;
				CLANG_WARN_CONSTANT_CONVERSION = YES;
				CLANG_WARN_DIRECT_OBJC_ISA_USAGE = YES_ERROR;
				CLANG_WARN_EMPTY_BODY = YES;
				CLANG_WARN_ENUM_CONVERSION = YES;
				CLANG_WARN_INT_CONVERSION = YES;
				CLANG_WARN_OBJC_ROOT_CLASS = YES_ERROR;
				CLANG_WARN_UNREACHABLE_CODE = YES;
				CLANG_WARN__DUPLICATE_METHOD_MATCH = YES;
				"CODE_SIGN_IDENTITY[sdk=iphoneos*]" = "iPhone Developer";
				COPY_PHASE_STRIP = NO;
				DEBUG_INFORMATION_FORMAT = dwarf;
				ENABLE_STRICT_OBJC_MSGSEND = YES;
				ENABLE_TESTABILITY = YES;
				GCC_C_LANGUAGE_STANDARD = gnu99;
				GCC_DYNAMIC_NO_PIC = NO;
				GCC_NO_COMMON_BLOCKS = YES;
				GCC_OPTIMIZATION_LEVEL = 0;
				GCC_PREPROCESSOR_DEFINITIONS = (
					"DEBUG=1",
					"$(inherited)",
				);
				GCC_WARN_64_TO_32_BIT_CONVERSION = YES;
				GCC_WARN_ABOUT_RETURN_TYPE = YES_ERROR;
				GCC_WARN_UNDECLARED_SELECTOR = YES;
				GCC_WARN_UNINITIALIZED_AUTOS = YES_AGGRESSIVE;
				GCC_WARN_UNUSED_FUNCTION = YES;
				GCC_WARN_UNUSED_VARIABLE = YES;
				IPHONEOS_DEPLOYMENT_TARGET = 9.0;
				MTL_ENABLE_DEBUG_INFO = YES;
				ONLY_ACTIVE_ARCH = YES;
				SDKROOT = iphoneos;
				SWIFT_OPTIMIZATION_LEVEL = "-Onone";
			};
			name = Debug;
		};
		628898651BC8E9F300D9A0E9 /* Release */ = {
			isa = XCBuildConfiguration;
			buildSettings = {
				ALWAYS_SEARCH_USER_PATHS = NO;
				CLANG_CXX_LANGUAGE_STANDARD = "gnu++0x";
				CLANG_CXX_LIBRARY = "libc++";
				CLANG_ENABLE_MODULES = YES;
				CLANG_ENABLE_OBJC_ARC = YES;
				CLANG_WARN_BOOL_CONVERSION = YES;
				CLANG_WARN_CONSTANT_CONVERSION = YES;
				CLANG_WARN_DIRECT_OBJC_ISA_USAGE = YES_ERROR;
				CLANG_WARN_EMPTY_BODY = YES;
				CLANG_WARN_ENUM_CONVERSION = YES;
				CLANG_WARN_INT_CONVERSION = YES;
				CLANG_WARN_OBJC_ROOT_CLASS = YES_ERROR;
				CLANG_WARN_UNREACHABLE_CODE = YES;
				CLANG_WARN__DUPLICATE_METHOD_MATCH = YES;
				"CODE_SIGN_IDENTITY[sdk=iphoneos*]" = "iPhone Developer";
				COPY_PHASE_STRIP = NO;
				DEBUG_INFORMATION_FORMAT = "dwarf-with-dsym";
				ENABLE_NS_ASSERTIONS = NO;
				ENABLE_STRICT_OBJC_MSGSEND = YES;
				GCC_C_LANGUAGE_STANDARD = gnu99;
				GCC_NO_COMMON_BLOCKS = YES;
				GCC_WARN_64_TO_32_BIT_CONVERSION = YES;
				GCC_WARN_ABOUT_RETURN_TYPE = YES_ERROR;
				GCC_WARN_UNDECLARED_SELECTOR = YES;
				GCC_WARN_UNINITIALIZED_AUTOS = YES_AGGRESSIVE;
				GCC_WARN_UNUSED_FUNCTION = YES;
				GCC_WARN_UNUSED_VARIABLE = YES;
				IPHONEOS_DEPLOYMENT_TARGET = 9.0;
				MTL_ENABLE_DEBUG_INFO = NO;
				SDKROOT = iphoneos;
				VALIDATE_PRODUCT = YES;
			};
			name = Release;
		};
		628898671BC8E9F300D9A0E9 /* Debug */ = {
			isa = XCBuildConfiguration;
			buildSettings = {
				ASSETCATALOG_COMPILER_APPICON_NAME = AppIcon;
				INFOPLIST_FILE = ScoutReport/Info.plist;
				LD_RUNPATH_SEARCH_PATHS = "$(inherited) @executable_path/Frameworks";
				PRODUCT_BUNDLE_IDENTIFIER = io.rightbalance.ScoutReport;
				PRODUCT_NAME = "$(TARGET_NAME)";
			};
			name = Debug;
		};
		628898681BC8E9F300D9A0E9 /* Release */ = {
			isa = XCBuildConfiguration;
			buildSettings = {
				ASSETCATALOG_COMPILER_APPICON_NAME = AppIcon;
				INFOPLIST_FILE = ScoutReport/Info.plist;
				LD_RUNPATH_SEARCH_PATHS = "$(inherited) @executable_path/Frameworks";
				PRODUCT_BUNDLE_IDENTIFIER = io.rightbalance.ScoutReport;
				PRODUCT_NAME = "$(TARGET_NAME)";
			};
			name = Release;
		};
		6288986A1BC8E9F300D9A0E9 /* Debug */ = {
			isa = XCBuildConfiguration;
			buildSettings = {
				BUNDLE_LOADER = "$(TEST_HOST)";
				CLANG_ENABLE_MODULES = YES;
				INFOPLIST_FILE = ScoutReportTests/Info.plist;
				LD_RUNPATH_SEARCH_PATHS = "$(inherited) @executable_path/Frameworks @loader_path/Frameworks";
				PRODUCT_BUNDLE_IDENTIFIER = io.rightbalance.ScoutReportTests;
				PRODUCT_NAME = "$(TARGET_NAME)";
				SWIFT_OBJC_BRIDGING_HEADER = "ScoutReportTests/ScoutReportTests-Bridging-Header.h";
				SWIFT_OPTIMIZATION_LEVEL = "-Onone";
				TEST_HOST = "$(BUILT_PRODUCTS_DIR)/ScoutReport.app/ScoutReport";
			};
			name = Debug;
		};
		6288986B1BC8E9F300D9A0E9 /* Release */ = {
			isa = XCBuildConfiguration;
			buildSettings = {
				BUNDLE_LOADER = "$(TEST_HOST)";
				CLANG_ENABLE_MODULES = YES;
				INFOPLIST_FILE = ScoutReportTests/Info.plist;
				LD_RUNPATH_SEARCH_PATHS = "$(inherited) @executable_path/Frameworks @loader_path/Frameworks";
				PRODUCT_BUNDLE_IDENTIFIER = io.rightbalance.ScoutReportTests;
				PRODUCT_NAME = "$(TARGET_NAME)";
				SWIFT_OBJC_BRIDGING_HEADER = "ScoutReportTests/ScoutReportTests-Bridging-Header.h";
				TEST_HOST = "$(BUILT_PRODUCTS_DIR)/ScoutReport.app/ScoutReport";
			};
			name = Release;
		};
/* End XCBuildConfiguration section */

/* Begin XCConfigurationList section */
		628898441BC8E9F200D9A0E9 /* Build configuration list for PBXProject "ScoutReport" */ = {
			isa = XCConfigurationList;
			buildConfigurations = (
				628898641BC8E9F300D9A0E9 /* Debug */,
				628898651BC8E9F300D9A0E9 /* Release */,
			);
			defaultConfigurationIsVisible = 0;
			defaultConfigurationName = Release;
		};
		628898661BC8E9F300D9A0E9 /* Build configuration list for PBXNativeTarget "ScoutReport" */ = {
			isa = XCConfigurationList;
			buildConfigurations = (
				628898671BC8E9F300D9A0E9 /* Debug */,
				628898681BC8E9F300D9A0E9 /* Release */,
			);
			defaultConfigurationIsVisible = 0;
			defaultConfigurationName = Release;
		};
		628898691BC8E9F300D9A0E9 /* Build configuration list for PBXNativeTarget "ScoutReportTests" */ = {
			isa = XCConfigurationList;
			buildConfigurations = (
				6288986A1BC8E9F300D9A0E9 /* Debug */,
				6288986B1BC8E9F300D9A0E9 /* Release */,
			);
			defaultConfigurationIsVisible = 0;
			defaultConfigurationName = Release;
		};
/* End XCConfigurationList section */
	};
	rootObject = 628898411BC8E9F200D9A0E9 /* Project object */;
}
